PODS:
  - AMap3DMap-NO-IDFA (10.0.800):
    - AMapFoundation-NO-IDFA (>= 1.8.0)
  - AMapFoundation-NO-IDFA (1.8.2)
  - AMapLocation-NO-IDFA (2.10.0):
    - AMapFoundation-NO-IDFA (>= 1.8.0)

DEPENDENCIES:
  - AMap3DMap-NO-IDFA
  - AMapLocation-NO-IDFA

SPEC REPOS:
  trunk:
    - AMap3DMap-NO-IDFA
    - AMapFoundation-NO-IDFA
    - AMapLocation-NO-IDFA

SPEC CHECKSUMS:
  AMap3DMap-NO-IDFA: 038053b9431331a76bb40bf0d7514413da9af8db
  AMapFoundation-NO-IDFA: 6ce0ef596d4eb8d934ff498e56747b6de1247b05
  AMapLocation-NO-IDFA: 735791aeb1ba52dff666e4158b86caf4b68b5be7

PODFILE CHECKSUM: 0f430d4be134af9bd2f2ff51dc5fa956ebd7bc21

COCOAPODS: 1.15.2
